
Microsoft Visual Studio Solution File, Format Version 12.00
# Visual Studio Version 17
VisualStudioVersion = 17.3.32929.385
MinimumVisualStudioVersion = 10.0.40219.1
Project("{FAE04EC0-301F-11D3-BF4B-00C04F79EFBC}") = "KFA.ItemCodes", "KFA.ItemCodes\KFA.ItemCodes.csproj", "{56737066-8AC2-4EA2-931B-B5D3870CAEAA}"
EndProject
Global
	GlobalSection(SolutionConfigurationPlatforms) = preSolution
		Debug|Any CPU = Debug|Any CPU
		Release|Any CPU = Release|Any CPU
	EndGlobalSection
	GlobalSection(ProjectConfigurationPlatforms) = postSolution
		{56737066-8AC2-4EA2-931B-B5D3870CAEAA}.Debug|Any CPU.ActiveCfg = Debug|Any CPU
		{56737066-8AC2-4EA2-931B-B5D3870CAEAA}.Debug|Any CPU.Build.0 = Debug|Any CPU
		{56737066-8AC2-4EA2-931B-B5D3870CAEAA}.Release|Any CPU.ActiveCfg = Release|Any CPU
		{56737066-8AC2-4EA2-931B-B5D3870CAEAA}.Release|Any CPU.Build.0 = Release|Any CPU
	EndGlobalSection
	GlobalSection(SolutionProperties) = preSolution
		HideSolutionNode = FALSE
	EndGlobalSection
	GlobalSection(ExtensibilityGlobals) = postSolution
		SolutionGuid = {4901FF87-B302-4969-B6E1-DB78E32647C4}
	EndGlobalSection
EndGlobal
